
Microsoft Visual Studio Solution File, Format Version 12.00
# Visual Studio Version 17
VisualStudioVersion = 17.13.35825.156 d17.13
MinimumVisualStudioVersion = 10.0.40219.1
Project("{FAE04EC0-301F-11D3-BF4B-00C04F79EFBC}") = "facemsoft1", "facemsoft1\facemsoft1.csproj", "{8C33711F-F025-4108-8891-0E3B49D1EF0C}"
EndProject
Global
	GlobalSection(SolutionConfigurationPlatforms) = preSolution
		Debug|Any CPU = Debug|Any CPU
		Release|Any CPU = Release|Any CPU
	EndGlobalSection
	GlobalSection(ProjectConfigurationPlatforms) = postSolution
		{8C33711F-F025-4108-8891-0E3B49D1EF0C}.Debug|Any CPU.ActiveCfg = Debug|Any CPU
		{8C33711F-F025-4108-8891-0E3B49D1EF0C}.Debug|Any CPU.Build.0 = Debug|Any CPU
		{8C33711F-F025-4108-8891-0E3B49D1EF0C}.Release|Any CPU.ActiveCfg = Release|Any CPU
		{8C33711F-F025-4108-8891-0E3B49D1EF0C}.Release|Any CPU.Build.0 = Release|Any CPU
	EndGlobalSection
	GlobalSection(SolutionProperties) = preSolution
		HideSolutionNode = FALSE
	EndGlobalSection
	GlobalSection(ExtensibilityGlobals) = postSolution
		SolutionGuid = {18F97A3E-F510-44BF-97B4-65A6C54E33B7}
	EndGlobalSection
EndGlobal
