
Microsoft Visual Studio Solution File, Format Version 12.00
# Visual Studio Version 17
VisualStudioVersion = 17.13.35825.156 d17.13
MinimumVisualStudioVersion = 10.0.40219.1
Project("{FAE04EC0-301F-11D3-BF4B-00C04F79EFBC}") = "sem3", "sem3\sem3.csproj", "{D327FCAF-4CA7-4A46-8041-8C68C5B84212}"
EndProject
Global
	GlobalSection(SolutionConfigurationPlatforms) = preSolution
		Debug|Any CPU = Debug|Any CPU
		Release|Any CPU = Release|Any CPU
	EndGlobalSection
	GlobalSection(ProjectConfigurationPlatforms) = postSolution
		{D327FCAF-4CA7-4A46-8041-8C68C5B84212}.Debug|Any CPU.ActiveCfg = Debug|Any CPU
		{D327FCAF-4CA7-4A46-8041-8C68C5B84212}.Debug|Any CPU.Build.0 = Debug|Any CPU
		{D327FCAF-4CA7-4A46-8041-8C68C5B84212}.Release|Any CPU.ActiveCfg = Release|Any CPU
		{D327FCAF-4CA7-4A46-8041-8C68C5B84212}.Release|Any CPU.Build.0 = Release|Any CPU
	EndGlobalSection
	GlobalSection(SolutionProperties) = preSolution
		HideSolutionNode = FALSE
	EndGlobalSection
	GlobalSection(ExtensibilityGlobals) = postSolution
		SolutionGuid = {852B5F1F-A20F-4B3B-8B0B-A5F6B5777F96}
	EndGlobalSection
EndGlobal
